
Microsoft Visual Studio Solution File, Format Version 12.00
# Visual Studio Version 17
VisualStudioVersion = 17.5.33516.290
MinimumVisualStudioVersion = 10.0.40219.1
Project("{FAE04EC0-301F-11D3-BF4B-00C04F79EFBC}") = "wp12_finedustCheck", "wp12_finedustCheck\wp12_finedustCheck.csproj", "{1135561D-4CAB-437D-9B38-764FF59F04DC}"
EndProject
Project("{FAE04EC0-301F-11D3-BF4B-00C04F79EFBC}") = "wp11_moviefinder", "wp11_moviefinder\wp11_moviefinder.csproj", "{FB09D1A8-5C6F-4C85-9C0B-6A5F1CF02B04}"
EndProject
Global
	GlobalSection(SolutionConfigurationPlatforms) = preSolution
		Debug|Any CPU = Debug|Any CPU
		Release|Any CPU = Release|Any CPU
	EndGlobalSection
	GlobalSection(ProjectConfigurationPlatforms) = postSolution
		{1135561D-4CAB-437D-9B38-764FF59F04DC}.Debug|Any CPU.ActiveCfg = Debug|Any CPU
		{1135561D-4CAB-437D-9B38-764FF59F04DC}.Debug|Any CPU.Build.0 = Debug|Any CPU
		{1135561D-4CAB-437D-9B38-764FF59F04DC}.Release|Any CPU.ActiveCfg = Release|Any CPU
		{1135561D-4CAB-437D-9B38-764FF59F04DC}.Release|Any CPU.Build.0 = Release|Any CPU
		{FB09D1A8-5C6F-4C85-9C0B-6A5F1CF02B04}.Debug|Any CPU.ActiveCfg = Debug|Any CPU
		{FB09D1A8-5C6F-4C85-9C0B-6A5F1CF02B04}.Debug|Any CPU.Build.0 = Debug|Any CPU
		{FB09D1A8-5C6F-4C85-9C0B-6A5F1CF02B04}.Release|Any CPU.ActiveCfg = Release|Any CPU
		{FB09D1A8-5C6F-4C85-9C0B-6A5F1CF02B04}.Release|Any CPU.Build.0 = Release|Any CPU
	EndGlobalSection
	GlobalSection(SolutionProperties) = preSolution
		HideSolutionNode = FALSE
	EndGlobalSection
	GlobalSection(ExtensibilityGlobals) = postSolution
		SolutionGuid = {E583DCE1-B3FF-4307-BED7-505A0B352740}
	EndGlobalSection
EndGlobal
