
Microsoft Visual Studio Solution File, Format Version 12.00
# Visual Studio Version 17
VisualStudioVersion = 17.5.33516.290
MinimumVisualStudioVersion = 10.0.40219.1
Project("{FAE04EC0-301F-11D3-BF4B-00C04F79EFBC}") = "wp01_startapp", "wp01_startapp\wp01_startapp.csproj", "{B17D2648-D5F8-4968-8B66-AD46F5484C49}"
EndProject
Project("{FAE04EC0-301F-11D3-BF4B-00C04F79EFBC}") = "wp02_simplecontrols", "wp02_simplecontrol\wp02_simplecontrols.csproj", "{7A71A093-C657-42B7-9336-B227CA1287C2}"
EndProject
Global
	GlobalSection(SolutionConfigurationPlatforms) = preSolution
		Debug|Any CPU = Debug|Any CPU
		Release|Any CPU = Release|Any CPU
	EndGlobalSection
	GlobalSection(ProjectConfigurationPlatforms) = postSolution
		{B17D2648-D5F8-4968-8B66-AD46F5484C49}.Debug|Any CPU.ActiveCfg = Debug|Any CPU
		{B17D2648-D5F8-4968-8B66-AD46F5484C49}.Debug|Any CPU.Build.0 = Debug|Any CPU
		{B17D2648-D5F8-4968-8B66-AD46F5484C49}.Release|Any CPU.ActiveCfg = Release|Any CPU
		{B17D2648-D5F8-4968-8B66-AD46F5484C49}.Release|Any CPU.Build.0 = Release|Any CPU
		{7A71A093-C657-42B7-9336-B227CA1287C2}.Debug|Any CPU.ActiveCfg = Debug|Any CPU
		{7A71A093-C657-42B7-9336-B227CA1287C2}.Debug|Any CPU.Build.0 = Debug|Any CPU
		{7A71A093-C657-42B7-9336-B227CA1287C2}.Release|Any CPU.ActiveCfg = Release|Any CPU
		{7A71A093-C657-42B7-9336-B227CA1287C2}.Release|Any CPU.Build.0 = Release|Any CPU
	EndGlobalSection
	GlobalSection(SolutionProperties) = preSolution
		HideSolutionNode = FALSE
	EndGlobalSection
	GlobalSection(ExtensibilityGlobals) = postSolution
		SolutionGuid = {60714AD4-EBA3-4558-8F20-760BB75ED571}
	EndGlobalSection
EndGlobal
