
Microsoft Visual Studio Solution File, Format Version 12.00
# Visual Studio Version 17
VisualStudioVersion = 17.5.33516.290
MinimumVisualStudioVersion = 10.0.40219.1
Project("{FAE04EC0-301F-11D3-BF4B-00C04F79EFBC}") = "wp06_mvvm", "wp06_mvvm\wp06_mvvm.csproj", "{EC2C11C8-BDA0-4243-AE9F-629E96E0B2E3}"
EndProject
Project("{FAE04EC0-301F-11D3-BF4B-00C04F79EFBC}") = "wp05_bikeshop", "wp05_bikeshop\wp05_bikeshop.csproj", "{B199066C-EC1B-43A5-B2D3-EDB370A5369F}"
EndProject
Global
	GlobalSection(SolutionConfigurationPlatforms) = preSolution
		Debug|Any CPU = Debug|Any CPU
		Release|Any CPU = Release|Any CPU
	EndGlobalSection
	GlobalSection(ProjectConfigurationPlatforms) = postSolution
		{EC2C11C8-BDA0-4243-AE9F-629E96E0B2E3}.Debug|Any CPU.ActiveCfg = Debug|Any CPU
		{EC2C11C8-BDA0-4243-AE9F-629E96E0B2E3}.Debug|Any CPU.Build.0 = Debug|Any CPU
		{EC2C11C8-BDA0-4243-AE9F-629E96E0B2E3}.Release|Any CPU.ActiveCfg = Release|Any CPU
		{EC2C11C8-BDA0-4243-AE9F-629E96E0B2E3}.Release|Any CPU.Build.0 = Release|Any CPU
		{B199066C-EC1B-43A5-B2D3-EDB370A5369F}.Debug|Any CPU.ActiveCfg = Debug|Any CPU
		{B199066C-EC1B-43A5-B2D3-EDB370A5369F}.Debug|Any CPU.Build.0 = Debug|Any CPU
		{B199066C-EC1B-43A5-B2D3-EDB370A5369F}.Release|Any CPU.ActiveCfg = Release|Any CPU
		{B199066C-EC1B-43A5-B2D3-EDB370A5369F}.Release|Any CPU.Build.0 = Release|Any CPU
	EndGlobalSection
	GlobalSection(SolutionProperties) = preSolution
		HideSolutionNode = FALSE
	EndGlobalSection
	GlobalSection(ExtensibilityGlobals) = postSolution
		SolutionGuid = {48281148-9FA8-4284-8683-BBDE3B337C52}
	EndGlobalSection
EndGlobal
